
Microsoft Visual Studio Solution File, Format Version 12.00
# Visual Studio Version 16
VisualStudioVersion = 16.0.30517.126
MinimumVisualStudioVersion = 10.0.40219.1
Project("{9A19103F-16F7-4668-BE54-9A1E7A4F7556}") = "praxicloud.core.kubernetes", "praxicloud.core.kubernetes\praxicloud.core.kubernetes.csproj", "{17473842-BE28-4938-834F-46B7567A668C}"
EndProject
Project("{9A19103F-16F7-4668-BE54-9A1E7A4F7556}") = "praxicloud.core.kubernetes.testcontainer", "praxicloud.core.kubernetes.testcontainer\praxicloud.core.kubernetes.testcontainer.csproj", "{5940DB4C-98EE-4A64-AF72-28F1BC1F2A16}"
EndProject
Global
	GlobalSection(SolutionConfigurationPlatforms) = preSolution
		Debug|Any CPU = Debug|Any CPU
		Release|Any CPU = Release|Any CPU
	EndGlobalSection
	GlobalSection(ProjectConfigurationPlatforms) = postSolution
		{17473842-BE28-4938-834F-46B7567A668C}.Debug|Any CPU.ActiveCfg = Debug|Any CPU
		{17473842-BE28-4938-834F-46B7567A668C}.Debug|Any CPU.Build.0 = Debug|Any CPU
		{17473842-BE28-4938-834F-46B7567A668C}.Release|Any CPU.ActiveCfg = Release|Any CPU
		{17473842-BE28-4938-834F-46B7567A668C}.Release|Any CPU.Build.0 = Release|Any CPU
		{5940DB4C-98EE-4A64-AF72-28F1BC1F2A16}.Debug|Any CPU.ActiveCfg = Debug|Any CPU
		{5940DB4C-98EE-4A64-AF72-28F1BC1F2A16}.Debug|Any CPU.Build.0 = Debug|Any CPU
		{5940DB4C-98EE-4A64-AF72-28F1BC1F2A16}.Release|Any CPU.ActiveCfg = Release|Any CPU
		{5940DB4C-98EE-4A64-AF72-28F1BC1F2A16}.Release|Any CPU.Build.0 = Release|Any CPU
	EndGlobalSection
	GlobalSection(SolutionProperties) = preSolution
		HideSolutionNode = FALSE
	EndGlobalSection
	GlobalSection(ExtensibilityGlobals) = postSolution
		SolutionGuid = {7D7F64CA-526B-4729-A025-E6E678C1ED80}
	EndGlobalSection
EndGlobal
